Microsoft Visual Studio Solution File, Format Version 12.00
# Visual Studio Version 17
VisualStudioVersion = 17.5.2.0
MinimumVisualStudioVersion = 10.0.40219.1
Project("{FAE04EC0-301F-11D3-BF4B-00C04F79EFBC}") = "MangaReaderR", "MangaReaderR.csproj", "{82A9A830-8E9F-1C2B-0C7F-94BB9DFE607D}"
EndProject
Global
	GlobalSection(SolutionConfigurationPlatforms) = preSolution
		Debug|Any CPU = Debug|Any CPU
		Release|Any CPU = Release|Any CPU
	EndGlobalSection
	GlobalSection(ProjectConfigurationPlatforms) = postSolution
		{82A9A830-8E9F-1C2B-0C7F-94BB9DFE607D}.Debug|Any CPU.ActiveCfg = Debug|Any CPU
		{82A9A830-8E9F-1C2B-0C7F-94BB9DFE607D}.Debug|Any CPU.Build.0 = Debug|Any CPU
		{82A9A830-8E9F-1C2B-0C7F-94BB9DFE607D}.Release|Any CPU.ActiveCfg = Release|Any CPU
		{82A9A830-8E9F-1C2B-0C7F-94BB9DFE607D}.Release|Any CPU.Build.0 = Release|Any CPU
	EndGlobalSection
	GlobalSection(SolutionProperties) = preSolution
		HideSolutionNode = FALSE
	EndGlobalSection
	GlobalSection(ExtensibilityGlobals) = postSolution
		SolutionGuid = {E6C88C86-D45A-40EF-A79C-E630F5ECC7D6}
	EndGlobalSection
EndGlobal
